
Microsoft Visual Studio Solution File, Format Version 12.00
# Visual Studio Version 17
VisualStudioVersion = 17.11.35312.102
MinimumVisualStudioVersion = 10.0.40219.1
Project("{FAE04EC0-301F-11D3-BF4B-00C04F79EFBC}") = "BookManagementApplication", "BookManagementApplication\BookManagementApplication.csproj", "{901C3CC5-AE9B-4E54-9B01-17A9150A5E5F}"
EndProject
Project("{FAE04EC0-301F-11D3-BF4B-00C04F79EFBC}") = "BookManagement.test", "BookManagement.test\BookManagement.test.csproj", "{6DA99114-E6D4-41FA-8259-8FA131071661}"
	ProjectSection(ProjectDependencies) = postProject
		{901C3CC5-AE9B-4E54-9B01-17A9150A5E5F} = {901C3CC5-AE9B-4E54-9B01-17A9150A5E5F}
	EndProjectSection
EndProject
Global
	GlobalSection(SolutionConfigurationPlatforms) = preSolution
		Debug|Any CPU = Debug|Any CPU
		Release|Any CPU = Release|Any CPU
	EndGlobalSection
	GlobalSection(ProjectConfigurationPlatforms) = postSolution
		{901C3CC5-AE9B-4E54-9B01-17A9150A5E5F}.Debug|Any CPU.ActiveCfg = Debug|Any CPU
		{901C3CC5-AE9B-4E54-9B01-17A9150A5E5F}.Debug|Any CPU.Build.0 = Debug|Any CPU
		{901C3CC5-AE9B-4E54-9B01-17A9150A5E5F}.Release|Any CPU.ActiveCfg = Release|Any CPU
		{901C3CC5-AE9B-4E54-9B01-17A9150A5E5F}.Release|Any CPU.Build.0 = Release|Any CPU
		{6DA99114-E6D4-41FA-8259-8FA131071661}.Debug|Any CPU.ActiveCfg = Debug|Any CPU
		{6DA99114-E6D4-41FA-8259-8FA131071661}.Debug|Any CPU.Build.0 = Debug|Any CPU
		{6DA99114-E6D4-41FA-8259-8FA131071661}.Release|Any CPU.ActiveCfg = Release|Any CPU
		{6DA99114-E6D4-41FA-8259-8FA131071661}.Release|Any CPU.Build.0 = Release|Any CPU
	EndGlobalSection
	GlobalSection(SolutionProperties) = preSolution
		HideSolutionNode = FALSE
	EndGlobalSection
	GlobalSection(ExtensibilityGlobals) = postSolution
		SolutionGuid = {55108283-E9F6-4806-9A7B-BC0BAF93CFF2}
	EndGlobalSection
EndGlobal
